
Microsoft Visual Studio Solution File, Format Version 12.00
# Visual Studio Version 17
VisualStudioVersion = 17.0.32014.148
MinimumVisualStudioVersion = 10.0.40219.1
Project("{FAE04EC0-301F-11D3-BF4B-00C04F79EFBC}") = "Capa Presentacion", "Capa Presentacion\Capa Presentacion.csproj", "{D93AAD04-EC36-4950-8537-C5E1EA5B48F8}"
EndProject
Global
	GlobalSection(SolutionConfigurationPlatforms) = preSolution
		Debug|Any CPU = Debug|Any CPU
		Release|Any CPU = Release|Any CPU
	EndGlobalSection
	GlobalSection(ProjectConfigurationPlatforms) = postSolution
		{D93AAD04-EC36-4950-8537-C5E1EA5B48F8}.Debug|Any CPU.ActiveCfg = Debug|Any CPU
		{D93AAD04-EC36-4950-8537-C5E1EA5B48F8}.Debug|Any CPU.Build.0 = Debug|Any CPU
		{D93AAD04-EC36-4950-8537-C5E1EA5B48F8}.Release|Any CPU.ActiveCfg = Release|Any CPU
		{D93AAD04-EC36-4950-8537-C5E1EA5B48F8}.Release|Any CPU.Build.0 = Release|Any CPU
	EndGlobalSection
	GlobalSection(SolutionProperties) = preSolution
		HideSolutionNode = FALSE
	EndGlobalSection
	GlobalSection(ExtensibilityGlobals) = postSolution
		SolutionGuid = {F3B1CFF2-65C1-4334-AEB3-A10BEE24E461}
	EndGlobalSection
EndGlobal
